
Microsoft Visual Studio Solution File, Format Version 12.00
# Visual Studio Version 17
VisualStudioVersion = 17.8.34330.188
MinimumVisualStudioVersion = 10.0.40219.1
Project("{FAE04EC0-301F-11D3-BF4B-00C04F79EFBC}") = "FærdighedsDelOpg1", "FærdighedsDelOpg1\FærdighedsDelOpg1.csproj", "{97497582-A993-4104-A7F6-1AACC4A458F5}"
EndProject
Project("{FAE04EC0-301F-11D3-BF4B-00C04F79EFBC}") = "FærdighedsDelOpg2", "FærdighedsDelOpg2\FærdighedsDelOpg2.csproj", "{8F3EA1CF-5C78-41C6-A244-CB887F7A27CB}"
EndProject
Project("{FAE04EC0-301F-11D3-BF4B-00C04F79EFBC}") = "FærdighedsDelOpg3", "FærdighedsDelOpg3\FærdighedsDelOpg3.csproj", "{D9705B29-B971-4193-9A1C-DF2FA7905850}"
EndProject
Project("{FAE04EC0-301F-11D3-BF4B-00C04F79EFBC}") = "FærdighedsDelOpg4", "FærdighedsDelOpg4\FærdighedsDelOpg4.csproj", "{2BA5EB5A-BDF1-45B3-A71C-1C9DC977A2E3}"
EndProject
Project("{FAE04EC0-301F-11D3-BF4B-00C04F79EFBC}") = "FærdighedsDelOpg5", "FærdighedsDelOpg5\FærdighedsDelOpg5.csproj", "{14CF4EA6-5EA8-4919-8E36-A08CB2059D59}"
EndProject
Global
	GlobalSection(SolutionConfigurationPlatforms) = preSolution
		Debug|Any CPU = Debug|Any CPU
		Release|Any CPU = Release|Any CPU
	EndGlobalSection
	GlobalSection(ProjectConfigurationPlatforms) = postSolution
		{97497582-A993-4104-A7F6-1AACC4A458F5}.Debug|Any CPU.ActiveCfg = Debug|Any CPU
		{97497582-A993-4104-A7F6-1AACC4A458F5}.Debug|Any CPU.Build.0 = Debug|Any CPU
		{97497582-A993-4104-A7F6-1AACC4A458F5}.Release|Any CPU.ActiveCfg = Release|Any CPU
		{97497582-A993-4104-A7F6-1AACC4A458F5}.Release|Any CPU.Build.0 = Release|Any CPU
		{8F3EA1CF-5C78-41C6-A244-CB887F7A27CB}.Debug|Any CPU.ActiveCfg = Debug|Any CPU
		{8F3EA1CF-5C78-41C6-A244-CB887F7A27CB}.Debug|Any CPU.Build.0 = Debug|Any CPU
		{8F3EA1CF-5C78-41C6-A244-CB887F7A27CB}.Release|Any CPU.ActiveCfg = Release|Any CPU
		{8F3EA1CF-5C78-41C6-A244-CB887F7A27CB}.Release|Any CPU.Build.0 = Release|Any CPU
		{D9705B29-B971-4193-9A1C-DF2FA7905850}.Debug|Any CPU.ActiveCfg = Debug|Any CPU
		{D9705B29-B971-4193-9A1C-DF2FA7905850}.Debug|Any CPU.Build.0 = Debug|Any CPU
		{D9705B29-B971-4193-9A1C-DF2FA7905850}.Release|Any CPU.ActiveCfg = Release|Any CPU
		{D9705B29-B971-4193-9A1C-DF2FA7905850}.Release|Any CPU.Build.0 = Release|Any CPU
		{2BA5EB5A-BDF1-45B3-A71C-1C9DC977A2E3}.Debug|Any CPU.ActiveCfg = Debug|Any CPU
		{2BA5EB5A-BDF1-45B3-A71C-1C9DC977A2E3}.Debug|Any CPU.Build.0 = Debug|Any CPU
		{2BA5EB5A-BDF1-45B3-A71C-1C9DC977A2E3}.Release|Any CPU.ActiveCfg = Release|Any CPU
		{2BA5EB5A-BDF1-45B3-A71C-1C9DC977A2E3}.Release|Any CPU.Build.0 = Release|Any CPU
		{14CF4EA6-5EA8-4919-8E36-A08CB2059D59}.Debug|Any CPU.ActiveCfg = Debug|Any CPU
		{14CF4EA6-5EA8-4919-8E36-A08CB2059D59}.Debug|Any CPU.Build.0 = Debug|Any CPU
		{14CF4EA6-5EA8-4919-8E36-A08CB2059D59}.Release|Any CPU.ActiveCfg = Release|Any CPU
		{14CF4EA6-5EA8-4919-8E36-A08CB2059D59}.Release|Any CPU.Build.0 = Release|Any CPU
	EndGlobalSection
	GlobalSection(SolutionProperties) = preSolution
		HideSolutionNode = FALSE
	EndGlobalSection
	GlobalSection(ExtensibilityGlobals) = postSolution
		SolutionGuid = {7CF89BE9-7C4C-4904-8EDE-9D87295DEE87}
	EndGlobalSection
EndGlobal
